// !$*UTF8*$!
{
	archiveVersion = 1;
	classes = {
	};
	objectVersion = 50;
	objects = {

/* Begin PBXBuildFile section */
		728D71F325CBFE8B00F52C42 /* Loader.swift in Sources */ = {isa = PBXBuildFile; fileRef = 728D71F225CBFE8B00F52C42 /* Loader.swift */; };
		728D71F625CBFEA300F52C42 /* Snackbar.swift in Sources */ = {isa = PBXBuildFile; fileRef = 728D71F525CBFEA300F52C42 /* Snackbar.swift */; };
		728D71F925CBFEB600F52C42 /* Popup.swift in Sources */ = {isa = PBXBuildFile; fileRef = 728D71F825CBFEB600F52C42 /* Popup.swift */; };
		7291BA6A25D287040051D2CD /* PopupStepByStep.swift in Sources */ = {isa = PBXBuildFile; fileRef = 7291BA6925D287040051D2CD /* PopupStepByStep.swift */; };
		72FC78D025BB3FF900BA7362 /* PopupSwiftUIApp.swift in Sources */ = {isa = PBXBuildFile; fileRef = 72FC78CF25BB3FF900BA7362 /* PopupSwiftUIApp.swift */; };
		72FC78D225BB3FF900BA7362 /* ContentView.swift in Sources */ = {isa = PBXBuildFile; fileRef = 72FC78D125BB3FF900BA7362 /* ContentView.swift */; };
		72FC78D425BB3FFA00BA7362 /* Assets.xcassets in Resources */ = {isa = PBXBuildFile; fileRef = 72FC78D325BB3FFA00BA7362 /* Assets.xcassets */; };
		72FC78D725BB3FFA00BA7362 /* Preview Assets.xcassets in Resources */ = {isa = PBXBuildFile; fileRef = 72FC78D625BB3FFA00BA7362 /* Preview Assets.xcassets */; };
/* End PBXBuildFile section */

/* Begin PBXFileReference section */
		728D71F225CBFE8B00F52C42 /* Loader.swift */ = {isa = PBXFileReference; lastKnownFileType = sourcecode.swift; path = Loader.swift; sourceTree = "<group>"; };
		728D71F525CBFEA300F52C42 /* Snackbar.swift */ = {isa = PBXFileReference; lastKnownFileType = sourcecode.swift; path = Snackbar.swift; sourceTree = "<group>"; };
		728D71F825CBFEB600F52C42 /* Popup.swift */ = {isa = PBXFileReference; lastKnownFileType = sourcecode.swift; path = Popup.swift; sourceTree = "<group>"; };
		7291BA6925D287040051D2CD /* PopupStepByStep.swift */ = {isa = PBXFileReference; lastKnownFileType = sourcecode.swift; path = PopupStepByStep.swift; sourceTree = "<group>"; };
		72FC78CC25BB3FF900BA7362 /* PopupSwiftUI.app */ = {isa = PBXFileReference; explicitFileType = wrapper.application; includeInIndex = 0; path = PopupSwiftUI.app; sourceTree = BUILT_PRODUCTS_DIR; };
		72FC78CF25BB3FF900BA7362 /* PopupSwiftUIApp.swift */ = {isa = PBXFileReference; lastKnownFileType = sourcecode.swift; path = PopupSwiftUIApp.swift; sourceTree = "<group>"; };
		72FC78D125BB3FF900BA7362 /* ContentView.swift */ = {isa = PBXFileReference; lastKnownFileType = sourcecode.swift; path = ContentView.swift; sourceTree = "<group>"; };
		72FC78D325BB3FFA00BA7362 /* Assets.xcassets */ = {isa = PBXFileReference; lastKnownFileType = folder.assetcatalog; path = Assets.xcassets; sourceTree = "<group>"; };
		72FC78D625BB3FFA00BA7362 /* Preview Assets.xcassets */ = {isa = PBXFileReference; lastKnownFileType = folder.assetcatalog; path = "Preview Assets.xcassets"; sourceTree = "<group>"; };
		72FC78D825BB3FFA00BA7362 /* Info.plist */ = {isa = PBXFileReference; lastKnownFileType = text.plist.xml; path = Info.plist; sourceTree = "<group>"; };
/* End PBXFileReference section */

/* Begin PBXFrameworksBuildPhase section */
		72FC78C925BB3FF900BA7362 /* Frameworks */ = {
			isa = PBXFrameworksBuildPhase;
			buildActionMask = 2147483647;
			files = (
			);
			runOnlyForDeploymentPostprocessing = 0;
		};
/* End PBXFrameworksBuildPhase section */

/* Begin PBXGroup section */
		72FC78C325BB3FF900BA7362 = {
			isa = PBXGroup;
			children = (
				72FC78CE25BB3FF900BA7362 /* PopupSwiftUI */,
				72FC78CD25BB3FF900BA7362 /* Products */,
			);
			sourceTree = "<group>";
		};
		72FC78CD25BB3FF900BA7362 /* Products */ = {
			isa = PBXGroup;
			children = (
				72FC78CC25BB3FF900BA7362 /* PopupSwiftUI.app */,
			);
			name = Products;
			sourceTree = "<group>";
		};
		72FC78CE25BB3FF900BA7362 /* PopupSwiftUI */ = {
			isa = PBXGroup;
			children = (
				72FC78CF25BB3FF900BA7362 /* PopupSwiftUIApp.swift */,
				72FC78D125BB3FF900BA7362 /* ContentView.swift */,
				728D71F825CBFEB600F52C42 /* Popup.swift */,
				7291BA6925D287040051D2CD /* PopupStepByStep.swift */,
				728D71F525CBFEA300F52C42 /* Snackbar.swift */,
				728D71F225CBFE8B00F52C42 /* Loader.swift */,
				72FC78D325BB3FFA00BA7362 /* Assets.xcassets */,
				72FC78D825BB3FFA00BA7362 /* Info.plist */,
				72FC78D525BB3FFA00BA7362 /* Preview Content */,
			);
			path = PopupSwiftUI;
			sourceTree = "<group>";
		};
		72FC78D525BB3FFA00BA7362 /* Preview Content */ = {
			isa = PBXGroup;
			children = (
				72FC78D625BB3FFA00BA7362 /* Preview Assets.xcassets */,
			);
			path = "Preview Content";
			sourceTree = "<group>";
		};
/* End PBXGroup section */

/* Begin PBXNativeTarget section */
		72FC78CB25BB3FF900BA7362 /* PopupSwiftUI */ = {
			isa = PBXNativeTarget;
			buildConfigurationList = 72FC78DB25BB3FFA00BA7362 /* Build configuration list for PBXNativeTarget "PopupSwiftUI" */;
			buildPhases = (
				72FC78C825BB3FF900BA7362 /* Sources */,
				72FC78C925BB3FF900BA7362 /* Frameworks */,
				72FC78CA25BB3FF900BA7362 /* Resources */,
			);
			buildRules = (
			);
			dependencies = (
			);
			name = PopupSwiftUI;
			productName = PopupSwiftUI;
			productReference = 72FC78CC25BB3FF900BA7362 /* PopupSwiftUI.app */;
			productType = "com.apple.product-type.application";
		};
/* End PBXNativeTarget section */

/* Begin PBXProject section */
		72FC78C425BB3FF900BA7362 /* Project object */ = {
			isa = PBXProject;
			attributes = {
				LastSwiftUpdateCheck = 1220;
				LastUpgradeCheck = 1220;
				TargetAttributes = {
					72FC78CB25BB3FF900BA7362 = {
						CreatedOnToolsVersion = 12.2;
					};
				};
			};
			buildConfigurationList = 72FC78C725BB3FF900BA7362 /* Build configuration list for PBXProject "PopupSwiftUI" */;
			compatibilityVersion = "Xcode 9.3";
			developmentRegion = en;
			hasScannedForEncodings = 0;
			knownRegions = (
				en,
				Base,
			);
			mainGroup = 72FC78C325BB3FF900BA7362;
			productRefGroup = 72FC78CD25BB3FF900BA7362 /* Products */;
			projectDirPath = "";
			projectRoot = "";
			targets = (
				72FC78CB25BB3FF900BA7362 /* PopupSwiftUI */,
			);
		};
/* End PBXProject section */

/* Begin PBXResourcesBuildPhase section */
		72FC78CA25BB3FF900BA7362 /* Resources */ = {
			isa = PBXResourcesBuildPhase;
			buildActionMask = 2147483647;
			files = (
				72FC78D725BB3FFA00BA7362 /* Preview Assets.xcassets in Resources */,
				72FC78D425BB3FFA00BA7362 /* Assets.xcassets in Resources */,
			);
			runOnlyForDeploymentPostprocessing = 0;
		};
/* End PBXResourcesBuildPhase section */

/* Begin PBXSourcesBuildPhase section */
		72FC78C825BB3FF900BA7362 /* Sources */ = {
			isa = PBXSourcesBuildPhase;
			buildActionMask = 2147483647;
			files = (
				72FC78D225BB3FF900BA7362 /* ContentView.swift in Sources */,
				72FC78D025BB3FF900BA7362 /* PopupSwiftUIApp.swift in Sources */,
				728D71F925CBFEB600F52C42 /* Popup.swift in Sources */,
				728D71F625CBFEA300F52C42 /* Snackbar.swift in Sources */,
				728D71F325CBFE8B00F52C42 /* Loader.swift in Sources */,
				7291BA6A25D287040051D2CD /* PopupStepByStep.swift in Sources */,
			);
			runOnlyForDeploymentPostprocessing = 0;
		};
/* End PBXSourcesBuildPhase section */

/* Begin XCBuildConfiguration section */
		72FC78D925BB3FFA00BA7362 /* Debug */ = {
			isa = XCBuildConfiguration;
			buildSettings = {
				ALWAYS_SEARCH_USER_PATHS = NO;
				CLANG_ANALYZER_NONNULL = YES;
				CLANG_ANALYZER_NUMBER_OBJECT_CONVERSION = YES_AGGRESSIVE;
				CLANG_CXX_LANGUAGE_STANDARD = "gnu++14";
				CLANG_CXX_LIBRARY = "libc++";
				CLANG_ENABLE_MODULES = YES;
				CLANG_ENABLE_OBJC_ARC = YES;
				CLANG_ENABLE_OBJC_WEAK = YES;
				CLANG_WARN_BLOCK_CAPTURE_AUTORELEASING = YES;
				CLANG_WARN_BOOL_CONVERSION = YES;
				CLANG_WARN_COMMA = YES;
				CLANG_WARN_CONSTANT_CONVERSION = YES;
				CLANG_WARN_DEPRECATED_OBJC_IMPLEMENTATIONS = YES;
				CLANG_WARN_DIRECT_OBJC_ISA_USAGE = YES_ERROR;
				CLANG_WARN_DOCUMENTATION_COMMENTS = YES;
				CLANG_WARN_EMPTY_BODY = YES;
				CLANG_WARN_ENUM_CONVERSION = YES;
				CLANG_WARN_INFINITE_RECURSION = YES;
				CLANG_WARN_INT_CONVERSION = YES;
				CLANG_WARN_NON_LITERAL_NULL_CONVERSION = YES;
				CLANG_WARN_OBJC_IMPLICIT_RETAIN_SELF = YES;
				CLANG_WARN_OBJC_LITERAL_CONVERSION = YES;
				CLANG_WARN_OBJC_ROOT_CLASS = YES_ERROR;
				CLANG_WARN_QUOTED_INCLUDE_IN_FRAMEWORK_HEADER = YES;
				CLANG_WARN_RANGE_LOOP_ANALYSIS = YES;
				CLANG_WARN_STRICT_PROTOTYPES = YES;
				CLANG_WARN_SUSPICIOUS_MOVE = YES;
				CLANG_WARN_UNGUARDED_AVAILABILITY = YES_AGGRESSIVE;
				CLANG_WARN_UNREACHABLE_CODE = YES;
				CLANG_WARN__DUPLICATE_METHOD_MATCH = YES;
				COPY_PHASE_STRIP = NO;
				DEBUG_INFORMATION_FORMAT = dwarf;
				ENABLE_STRICT_OBJC_MSGSEND = YES;
				ENABLE_TESTABILITY = YES;
				GCC_C_LANGUAGE_STANDARD = gnu11;
				GCC_DYNAMIC_NO_PIC = NO;
				GCC_NO_COMMON_BLOCKS = YES;
				GCC_OPTIMIZATION_LEVEL = 0;
				GCC_PREPROCESSOR_DEFINITIONS = (
					"DEBUG=1",
					"$(inherited)",
				);
				GCC_WARN_64_TO_32_BIT_CONVERSION = YES;
				GCC_WARN_ABOUT_RETURN_TYPE = YES_ERROR;
				GCC_WARN_UNDECLARED_SELECTOR = YES;
				GCC_WARN_UNINITIALIZED_AUTOS = YES_AGGRESSIVE;
				GCC_WARN_UNUSED_FUNCTION = YES;
				GCC_WARN_UNUSED_VARIABLE = YES;
				IPHONEOS_DEPLOYMENT_TARGET = 14.2;
				MTL_ENABLE_DEBUG_INFO = INCLUDE_SOURCE;
				MTL_FAST_MATH = YES;
				ONLY_ACTIVE_ARCH = YES;
				SDKROOT = iphoneos;
				SWIFT_ACTIVE_COMPILATION_CONDITIONS = DEBUG;
				SWIFT_OPTIMIZATION_LEVEL = "-Onone";
			};
			name = Debug;
		};
		72FC78DA25BB3FFA00BA7362 /* Release */ = {
			isa = XCBuildConfiguration;
			buildSettings = {
				ALWAYS_SEARCH_USER_PATHS = NO;
				CLANG_ANALYZER_NONNULL = YES;
				CLANG_ANALYZER_NUMBER_OBJECT_CONVERSION = YES_AGGRESSIVE;
				CLANG_CXX_LANGUAGE_STANDARD = "gnu++14";
				CLANG_CXX_LIBRARY = "libc++";
				CLANG_ENABLE_MODULES = YES;
				CLANG_ENABLE_OBJC_ARC = YES;
				CLANG_ENABLE_OBJC_WEAK = YES;
				CLANG_WARN_BLOCK_CAPTURE_AUTORELEASING = YES;
				CLANG_WARN_BOOL_CONVERSION = YES;
				CLANG_WARN_COMMA = YES;
				CLANG_WARN_CONSTANT_CONVERSION = YES;
				CLANG_WARN_DEPRECATED_OBJC_IMPLEMENTATIONS = YES;
				CLANG_WARN_DIRECT_OBJC_ISA_USAGE = YES_ERROR;
				CLANG_WARN_DOCUMENTATION_COMMENTS = YES;
				CLANG_WARN_EMPTY_BODY = YES;
				CLANG_WARN_ENUM_CONVERSION = YES;
				CLANG_WARN_INFINITE_RECURSION = YES;
				CLANG_WARN_INT_CONVERSION = YES;
				CLANG_WARN_NON_LITERAL_NULL_CONVERSION = YES;
				CLANG_WARN_OBJC_IMPLICIT_RETAIN_SELF = YES;
				CLANG_WARN_OBJC_LITERAL_CONVERSION = YES;
				CLANG_WARN_OBJC_ROOT_CLASS = YES_ERROR;
				CLANG_WARN_QUOTED_INCLUDE_IN_FRAMEWORK_HEADER = YES;
				CLANG_WARN_RANGE_LOOP_ANALYSIS = YES;
				CLANG_WARN_STRICT_PROTOTYPES = YES;
				CLANG_WARN_SUSPICIOUS_MOVE = YES;
				CLANG_WARN_UNGUARDED_AVAILABILITY = YES_AGGRESSIVE;
				CLANG_WARN_UNREACHABLE_CODE = YES;
				CLANG_WARN__DUPLICATE_METHOD_MATCH = YES;
				COPY_PHASE_STRIP = NO;
				DEBUG_INFORMATION_FORMAT = "dwarf-with-dsym";
				ENABLE_NS_ASSERTIONS = NO;
				ENABLE_STRICT_OBJC_MSGSEND = YES;
				GCC_C_LANGUAGE_STANDARD = gnu11;
				GCC_NO_COMMON_BLOCKS = YES;
				GCC_WARN_64_TO_32_BIT_CONVERSION = YES;
				GCC_WARN_ABOUT_RETURN_TYPE = YES_ERROR;
				GCC_WARN_UNDECLARED_SELECTOR = YES;
				GCC_WARN_UNINITIALIZED_AUTOS = YES_AGGRESSIVE;
				GCC_WARN_UNUSED_FUNCTION = YES;
				GCC_WARN_UNUSED_VARIABLE = YES;
				IPHONEOS_DEPLOYMENT_TARGET = 14.2;
				MTL_ENABLE_DEBUG_INFO = NO;
				MTL_FAST_MATH = YES;
				SDKROOT = iphoneos;
				SWIFT_COMPILATION_MODE = wholemodule;
				SWIFT_OPTIMIZATION_LEVEL = "-O";
				VALIDATE_PRODUCT = YES;
			};
			name = Release;
		};
		72FC78DC25BB3FFA00BA7362 /* Debug */ = {
			isa = XCBuildConfiguration;
			buildSettings = {
				ASSETCATALOG_COMPILER_APPICON_NAME = AppIcon;
				ASSETCATALOG_COMPILER_GLOBAL_ACCENT_COLOR_NAME = AccentColor;
				CODE_SIGN_STYLE = Automatic;
				DEVELOPMENT_ASSET_PATHS = "\"PopupSwiftUI/Preview Content\"";
				ENABLE_PREVIEWS = YES;
				INFOPLIST_FILE = PopupSwiftUI/Info.plist;
				IPHONEOS_DEPLOYMENT_TARGET = 14.0;
				LD_RUNPATH_SEARCH_PATHS = (
					"$(inherited)",
					"@executable_path/Frameworks",
				);
				PRODUCT_BUNDLE_IDENTIFIER = vadimbulavin.PopupSwiftUI;
				PRODUCT_NAME = "$(TARGET_NAME)";
				SWIFT_VERSION = 5.0;
				TARGETED_DEVICE_FAMILY = "1,2";
			};
			name = Debug;
		};
		72FC78DD25BB3FFA00BA7362 /* Release */ = {
			isa = XCBuildConfiguration;
			buildSettings = {
				ASSETCATALOG_COMPILER_APPICON_NAME = AppIcon;
				ASSETCATALOG_COMPILER_GLOBAL_ACCENT_COLOR_NAME = AccentColor;
				CODE_SIGN_STYLE = Automatic;
				DEVELOPMENT_ASSET_PATHS = "\"PopupSwiftUI/Preview Content\"";
				ENABLE_PREVIEWS = YES;
				INFOPLIST_FILE = PopupSwiftUI/Info.plist;
				IPHONEOS_DEPLOYMENT_TARGET = 14.0;
				LD_RUNPATH_SEARCH_PATHS = (
					"$(inherited)",
					"@executable_path/Frameworks",
				);
				PRODUCT_BUNDLE_IDENTIFIER = vadimbulavin.PopupSwiftUI;
				PRODUCT_NAME = "$(TARGET_NAME)";
				SWIFT_VERSION = 5.0;
				TARGETED_DEVICE_FAMILY = "1,2";
			};
			name = Release;
		};
/* End XCBuildConfiguration section */

/* Begin XCConfigurationList section */
		72FC78C725BB3FF900BA7362 /* Build configuration list for PBXProject "PopupSwiftUI" */ = {
			isa = XCConfigurationList;
			buildConfigurations = (
				72FC78D925BB3FFA00BA7362 /* Debug */,
				72FC78DA25BB3FFA00BA7362 /* Release */,
			);
			defaultConfigurationIsVisible = 0;
			defaultConfigurationName = Release;
		};
		72FC78DB25BB3FFA00BA7362 /* Build configuration list for PBXNativeTarget "PopupSwiftUI" */ = {
			isa = XCConfigurationList;
			buildConfigurations = (
				72FC78DC25BB3FFA00BA7362 /* Debug */,
				72FC78DD25BB3FFA00BA7362 /* Release */,
			);
			defaultConfigurationIsVisible = 0;
			defaultConfigurationName = Release;
		};
/* End XCConfigurationList section */
	};
	rootObject = 72FC78C425BB3FF900BA7362 /* Project object */;
}
